{
  "version": "5",
  "specifiers": {
    "npm:daisyui@^5.5.19": "5.5.19"
  },
  "npm": {
    "daisyui@5.5.19": {
      "integrity": "sha512-pbFAkl1VCEh/MPCeclKL61I/MqRIFFhNU7yiXoDDRapXN4/qNCoMxeCCswyxEEhqL5eiTTfwHvucFtOE71C9sA=="
    }
  },
  "workspace": {
    "packageJson": {
      "dependencies": [
        "npm:daisyui@^5.5.19"
      ]
    }
  }
}
